Microsoft Visual Studio Solution File, Format Version 12.00
# Visual Studio Version 17
VisualStudioVersion = 17.14.36408.4 d17.14
MinimumVisualStudioVersion = 10.0.40219.1
Project("{FAE04EC0-301F-11D3-BF4B-00C04F79EFBC}") = "CustomerImageAPI", "CustomerImageAPI.csproj", "{4D8551BE-285F-416C-882B-78B93C8046F5}"
EndProject
Global
	GlobalSection(SolutionConfigurationPlatforms) = preSolution
		Debug|Any CPU = Debug|Any CPU
		Release|Any CPU = Release|Any CPU
	EndGlobalSection
	GlobalSection(ProjectConfigurationPlatforms) = postSolution
		{4D8551BE-285F-416C-882B-78B93C8046F5}.Debug|Any CPU.ActiveCfg = Debug|Any CPU
		{4D8551BE-285F-416C-882B-78B93C8046F5}.Debug|Any CPU.Build.0 = Debug|Any CPU
		{4D8551BE-285F-416C-882B-78B93C8046F5}.Release|Any CPU.ActiveCfg = Release|Any CPU
		{4D8551BE-285F-416C-882B-78B93C8046F5}.Release|Any CPU.Build.0 = Release|Any CPU
	EndGlobalSection
	GlobalSection(SolutionProperties) = preSolution
		HideSolutionNode = FALSE
	EndGlobalSection
	GlobalSection(ExtensibilityGlobals) = postSolution
		SolutionGuid = {DC08CD62-AE06-4F47-8C7B-88E53479E2AA}
	EndGlobalSection
EndGlobal
